
Microsoft Visual Studio Solution File, Format Version 12.00
# Visual Studio 14
VisualStudioVersion = 14.0.25420.1
MinimumVisualStudioVersion = 10.0.40219.1
Project("{E24C65DC-7377-472B-9ABA-BC803B73C61A}") = "ParlourSales", "..\..\..\..\Source\Repos\itbmg\ParlourSales\", "{66A3DE84-EA6D-4228-97DF-C2279BD251BF}"
	ProjectSection(WebsiteProperties) = preProject
		TargetFrameworkMoniker = ".NETFramework,Version%3Dv4.5"
		Debug.AspNetCompiler.VirtualPath = "/localhost_62345"
		Debug.AspNetCompiler.PhysicalPath = "..\..\..\..\Source\Repos\itbmg\ParlourSales\"
		Debug.AspNetCompiler.TargetPath = "PrecompiledWeb\localhost_62345\"
		Debug.AspNetCompiler.Updateable = "true"
		Debug.AspNetCompiler.ForceOverwrite = "true"
		Debug.AspNetCompiler.FixedNames = "false"
		Debug.AspNetCompiler.Debug = "True"
		Release.AspNetCompiler.VirtualPath = "/localhost_62345"
		Release.AspNetCompiler.PhysicalPath = "..\..\..\..\Source\Repos\itbmg\ParlourSales\"
		Release.AspNetCompiler.TargetPath = "PrecompiledWeb\localhost_62345\"
		Release.AspNetCompiler.Updateable = "true"
		Release.AspNetCompiler.ForceOverwrite = "true"
		Release.AspNetCompiler.FixedNames = "false"
		Release.AspNetCompiler.Debug = "False"
		VWDPort = "62345"
		SlnRelativePath = "..\..\..\..\Source\Repos\itbmg\ParlourSales\"
	EndProjectSection
EndProject
Global
	GlobalSection(SolutionConfigurationPlatforms) = preSolution
		Debug|Any CPU = Debug|Any CPU
	EndGlobalSection
	GlobalSection(ProjectConfigurationPlatforms) = postSolution
		{66A3DE84-EA6D-4228-97DF-C2279BD251BF}.Debug|Any CPU.ActiveCfg = Debug|Any CPU
		{66A3DE84-EA6D-4228-97DF-C2279BD251BF}.Debug|Any CPU.Build.0 = Debug|Any CPU
	EndGlobalSection
	GlobalSection(SolutionProperties) = preSolution
		HideSolutionNode = FALSE
	EndGlobalSection
EndGlobal
